
Microsoft Visual Studio Solution File, Format Version 12.00
# Visual Studio Version 17
VisualStudioVersion = 17.3.32825.248
MinimumVisualStudioVersion = 10.0.40219.1
Project("{FAE04EC0-301F-11D3-BF4B-00C04F79EFBC}") = "Beeper", "Beeper\Beeper.csproj", "{B89F0178-5630-461D-8AA6-43EE18A67EE1}"
EndProject
Global
	GlobalSection(SolutionConfigurationPlatforms) = preSolution
		Debug|Any CPU = Debug|Any CPU
		Release|Any CPU = Release|Any CPU
	EndGlobalSection
	GlobalSection(ProjectConfigurationPlatforms) = postSolution
		{B89F0178-5630-461D-8AA6-43EE18A67EE1}.Debug|Any CPU.ActiveCfg = Debug|Any CPU
		{B89F0178-5630-461D-8AA6-43EE18A67EE1}.Debug|Any CPU.Build.0 = Debug|Any CPU
		{B89F0178-5630-461D-8AA6-43EE18A67EE1}.Release|Any CPU.ActiveCfg = Release|Any CPU
		{B89F0178-5630-461D-8AA6-43EE18A67EE1}.Release|Any CPU.Build.0 = Release|Any CPU
	EndGlobalSection
	GlobalSection(SolutionProperties) = preSolution
		HideSolutionNode = FALSE
	EndGlobalSection
	GlobalSection(ExtensibilityGlobals) = postSolution
		SolutionGuid = {88F002A5-1038-477C-A871-993E61908A66}
	EndGlobalSection
EndGlobal
